
Microsoft Visual Studio Solution File, Format Version 12.00
# Visual Studio Version 17
VisualStudioVersion = 17.13.35818.85 d17.13
MinimumVisualStudioVersion = 10.0.40219.1
Project("{FAE04EC0-301F-11D3-BF4B-00C04F79EFBC}") = "kpl_tp3", "kpl_tp3\kpl_tp3.csproj", "{6D15C4F2-3CBA-4F01-B7B3-30A1D48A4F28}"
EndProject
Global
	GlobalSection(SolutionConfigurationPlatforms) = preSolution
		Debug|Any CPU = Debug|Any CPU
		Release|Any CPU = Release|Any CPU
	EndGlobalSection
	GlobalSection(ProjectConfigurationPlatforms) = postSolution
		{6D15C4F2-3CBA-4F01-B7B3-30A1D48A4F28}.Debug|Any CPU.ActiveCfg = Debug|Any CPU
		{6D15C4F2-3CBA-4F01-B7B3-30A1D48A4F28}.Debug|Any CPU.Build.0 = Debug|Any CPU
		{6D15C4F2-3CBA-4F01-B7B3-30A1D48A4F28}.Release|Any CPU.ActiveCfg = Release|Any CPU
		{6D15C4F2-3CBA-4F01-B7B3-30A1D48A4F28}.Release|Any CPU.Build.0 = Release|Any CPU
	EndGlobalSection
	GlobalSection(SolutionProperties) = preSolution
		HideSolutionNode = FALSE
	EndGlobalSection
	GlobalSection(ExtensibilityGlobals) = postSolution
		SolutionGuid = {AC598F89-4D94-4B09-9DA7-20594A3F208E}
	EndGlobalSection
EndGlobal
